// !$*UTF8*$!
{
	archiveVersion = 1;
	classes = {
	};
	objectVersion = 46;
	objects = {

/* Begin PBXBuildFile section */
		6B427A0C1D45D324008EFD70 /* AppDelegate.swift in Sources */ = {isa = PBXBuildFile; fileRef = 6B427A0B1D45D324008EFD70 /* AppDelegate.swift */; };
		6B427A0E1D45D324008EFD70 /* CardsViewController.swift in Sources */ = {isa = PBXBuildFile; fileRef = 6B427A0D1D45D324008EFD70 /* CardsViewController.swift */; };
		6B427A111D45D324008EFD70 /* Main.storyboard in Resources */ = {isa = PBXBuildFile; fileRef = 6B427A0F1D45D324008EFD70 /* Main.storyboard */; };
		6B427A131D45D324008EFD70 /* Assets.xcassets in Resources */ = {isa = PBXBuildFile; fileRef = 6B427A121D45D324008EFD70 /* Assets.xcassets */; };
		6B427A161D45D324008EFD70 /* LaunchScreen.storyboard in Resources */ = {isa = PBXBuildFile; fileRef = 6B427A141D45D324008EFD70 /* LaunchScreen.storyboard */; };
		6B427A211D45DB5A008EFD70 /* DraggableImageView.xib in Resources */ = {isa = PBXBuildFile; fileRef = 6B427A201D45DB5A008EFD70 /* DraggableImageView.xib */; };
		6B427A231D45DBF9008EFD70 /* DraggableImageView.swift in Sources */ = {isa = PBXBuildFile; fileRef = 6B427A221D45DBF9008EFD70 /* DraggableImageView.swift */; };
/* End PBXBuildFile section */

/* Begin PBXFileReference section */
		6B427A081D45D324008EFD70 /* TinderFake.app */ = {isa = PBXFileReference; explicitFileType = wrapper.application; includeInIndex = 0; path = TinderFake.app; sourceTree = BUILT_PRODUCTS_DIR; };
		6B427A0B1D45D324008EFD70 /* AppDelegate.swift */ = {isa = PBXFileReference; lastKnownFileType = sourcecode.swift; path = AppDelegate.swift; sourceTree = "<group>"; };
		6B427A0D1D45D324008EFD70 /* CardsViewController.swift */ = {isa = PBXFileReference; lastKnownFileType = sourcecode.swift; path = CardsViewController.swift; sourceTree = "<group>"; };
		6B427A101D45D324008EFD70 /* Base */ = {isa = PBXFileReference; lastKnownFileType = file.storyboard; name = Base; path = Base.lproj/Main.storyboard; sourceTree = "<group>"; };
		6B427A121D45D324008EFD70 /* Assets.xcassets */ = {isa = PBXFileReference; lastKnownFileType = folder.assetcatalog; path = Assets.xcassets; sourceTree = "<group>"; };
		6B427A151D45D324008EFD70 /* Base */ = {isa = PBXFileReference; lastKnownFileType = file.storyboard; name = Base; path = Base.lproj/LaunchScreen.storyboard; sourceTree = "<group>"; };
		6B427A171D45D324008EFD70 /* Info.plist */ = {isa = PBXFileReference; lastKnownFileType = text.plist.xml; path = Info.plist; sourceTree = "<group>"; };
		6B427A201D45DB5A008EFD70 /* DraggableImageView.xib */ = {isa = PBXFileReference; fileEncoding = 4; lastKnownFileType = file.xib; path = DraggableImageView.xib; sourceTree = "<group>"; };
		6B427A221D45DBF9008EFD70 /* DraggableImageView.swift */ = {isa = PBXFileReference; fileEncoding = 4; lastKnownFileType = sourcecode.swift; path = DraggableImageView.swift; sourceTree = "<group>"; };
/* End PBXFileReference section */

/* Begin PBXFrameworksBuildPhase section */
		6B427A051D45D324008EFD70 /* Frameworks */ = {
			isa = PBXFrameworksBuildPhase;
			buildActionMask = 2147483647;
			files = (
			);
			runOnlyForDeploymentPostprocessing = 0;
		};
/* End PBXFrameworksBuildPhase section */

/* Begin PBXGroup section */
		6B4279FF1D45D324008EFD70 = {
			isa = PBXGroup;
			children = (
				6B427A0A1D45D324008EFD70 /* TinderFake */,
				6B427A091D45D324008EFD70 /* Products */,
			);
			sourceTree = "<group>";
		};
		6B427A091D45D324008EFD70 /* Products */ = {
			isa = PBXGroup;
			children = (
				6B427A081D45D324008EFD70 /* TinderFake.app */,
			);
			name = Products;
			sourceTree = "<group>";
		};
		6B427A0A1D45D324008EFD70 /* TinderFake */ = {
			isa = PBXGroup;
			children = (
				6B427A1F1D45DB25008EFD70 /* UI files */,
				6B427A1E1D45DB0A008EFD70 /* View Controllers */,
				6B427A1D1D45DB05008EFD70 /* Views */,
				6B427A0B1D45D324008EFD70 /* AppDelegate.swift */,
				6B427A121D45D324008EFD70 /* Assets.xcassets */,
				6B427A171D45D324008EFD70 /* Info.plist */,
			);
			path = TinderFake;
			sourceTree = "<group>";
		};
		6B427A1D1D45DB05008EFD70 /* Views */ = {
			isa = PBXGroup;
			children = (
				6B427A221D45DBF9008EFD70 /* DraggableImageView.swift */,
			);
			name = Views;
			sourceTree = "<group>";
		};
		6B427A1E1D45DB0A008EFD70 /* View Controllers */ = {
			isa = PBXGroup;
			children = (
				6B427A0D1D45D324008EFD70 /* CardsViewController.swift */,
			);
			name = "View Controllers";
			sourceTree = "<group>";
		};
		6B427A1F1D45DB25008EFD70 /* UI files */ = {
			isa = PBXGroup;
			children = (
				6B427A0F1D45D324008EFD70 /* Main.storyboard */,
				6B427A141D45D324008EFD70 /* LaunchScreen.storyboard */,
				6B427A201D45DB5A008EFD70 /* DraggableImageView.xib */,
			);
			name = "UI files";
			sourceTree = "<group>";
		};
/* End PBXGroup section */

/* Begin PBXNativeTarget section */
		6B427A071D45D324008EFD70 /* TinderFake */ = {
			isa = PBXNativeTarget;
			buildConfigurationList = 6B427A1A1D45D324008EFD70 /* Build configuration list for PBXNativeTarget "TinderFake" */;
			buildPhases = (
				6B427A041D45D324008EFD70 /* Sources */,
				6B427A051D45D324008EFD70 /* Frameworks */,
				6B427A061D45D324008EFD70 /* Resources */,
			);
			buildRules = (
			);
			dependencies = (
			);
			name = TinderFake;
			productName = TinderFake;
			productReference = 6B427A081D45D324008EFD70 /* TinderFake.app */;
			productType = "com.apple.product-type.application";
		};
/* End PBXNativeTarget section */

/* Begin PBXProject section */
		6B427A001D45D324008EFD70 /* Project object */ = {
			isa = PBXProject;
			attributes = {
				LastSwiftUpdateCheck = 0730;
				LastUpgradeCheck = 0730;
				ORGANIZATIONNAME = "Dang Quoc Huy";
				TargetAttributes = {
					6B427A071D45D324008EFD70 = {
						CreatedOnToolsVersion = 7.3.1;
						DevelopmentTeam = 8KDJ9PT669;
					};
				};
			};
			buildConfigurationList = 6B427A031D45D324008EFD70 /* Build configuration list for PBXProject "TinderFake" */;
			compatibilityVersion = "Xcode 3.2";
			developmentRegion = English;
			hasScannedForEncodings = 0;
			knownRegions = (
				en,
				Base,
			);
			mainGroup = 6B4279FF1D45D324008EFD70;
			productRefGroup = 6B427A091D45D324008EFD70 /* Products */;
			projectDirPath = "";
			projectRoot = "";
			targets = (
				6B427A071D45D324008EFD70 /* TinderFake */,
			);
		};
/* End PBXProject section */

/* Begin PBXResourcesBuildPhase section */
		6B427A061D45D324008EFD70 /* Resources */ = {
			isa = PBXResourcesBuildPhase;
			buildActionMask = 2147483647;
			files = (
				6B427A161D45D324008EFD70 /* LaunchScreen.storyboard in Resources */,
				6B427A131D45D324008EFD70 /* Assets.xcassets in Resources */,
				6B427A211D45DB5A008EFD70 /* DraggableImageView.xib in Resources */,
				6B427A111D45D324008EFD70 /* Main.storyboard in Resources */,
			);
			runOnlyForDeploymentPostprocessing = 0;
		};
/* End PBXResourcesBuildPhase section */

/* Begin PBXSourcesBuildPhase section */
		6B427A041D45D324008EFD70 /* Sources */ = {
			isa = PBXSourcesBuildPhase;
			buildActionMask = 2147483647;
			files = (
				6B427A0E1D45D324008EFD70 /* CardsViewController.swift in Sources */,
				6B427A231D45DBF9008EFD70 /* DraggableImageView.swift in Sources */,
				6B427A0C1D45D324008EFD70 /* AppDelegate.swift in Sources */,
			);
			runOnlyForDeploymentPostprocessing = 0;
		};
/* End PBXSourcesBuildPhase section */

/* Begin PBXVariantGroup section */
		6B427A0F1D45D324008EFD70 /* Main.storyboard */ = {
			isa = PBXVariantGroup;
			children = (
				6B427A101D45D324008EFD70 /* Base */,
			);
			name = Main.storyboard;
			sourceTree = "<group>";
		};
		6B427A141D45D324008EFD70 /* LaunchScreen.storyboard */ = {
			isa = PBXVariantGroup;
			children = (
				6B427A151D45D324008EFD70 /* Base */,
			);
			name = LaunchScreen.storyboard;
			sourceTree = "<group>";
		};
/* End PBXVariantGroup section */

/* Begin XCBuildConfiguration section */
		6B427A181D45D324008EFD70 /* Debug */ = {
			isa = XCBuildConfiguration;
			buildSettings = {
				ALWAYS_SEARCH_USER_PATHS = NO;
				CLANG_ANALYZER_NONNULL = YES;
				CLANG_CXX_LANGUAGE_STANDARD = "gnu++0x";
				CLANG_CXX_LIBRARY = "libc++";
				CLANG_ENABLE_MODULES = YES;
				CLANG_ENABLE_OBJC_ARC = YES;
				CLANG_WARN_BOOL_CONVERSION = YES;
				CLANG_WARN_CONSTANT_CONVERSION = YES;
				CLANG_WARN_DIRECT_OBJC_ISA_USAGE = YES_ERROR;
				CLANG_WARN_EMPTY_BODY = YES;
				CLANG_WARN_ENUM_CONVERSION = YES;
				CLANG_WARN_INT_CONVERSION = YES;
				CLANG_WARN_OBJC_ROOT_CLASS = YES_ERROR;
				CLANG_WARN_UNREACHABLE_CODE = YES;
				CLANG_WARN__DUPLICATE_METHOD_MATCH = YES;
				"CODE_SIGN_IDENTITY[sdk=iphoneos*]" = "iPhone Developer";
				COPY_PHASE_STRIP = NO;
				DEBUG_INFORMATION_FORMAT = dwarf;
				ENABLE_STRICT_OBJC_MSGSEND = YES;
				ENABLE_TESTABILITY = YES;
				GCC_C_LANGUAGE_STANDARD = gnu99;
				GCC_DYNAMIC_NO_PIC = NO;
				GCC_NO_COMMON_BLOCKS = YES;
				GCC_OPTIMIZATION_LEVEL = 0;
				GCC_PREPROCESSOR_DEFINITIONS = (
					"DEBUG=1",
					"$(inherited)",
				);
				GCC_WARN_64_TO_32_BIT_CONVERSION = YES;
				GCC_WARN_ABOUT_RETURN_TYPE = YES_ERROR;
				GCC_WARN_UNDECLARED_SELECTOR = YES;
				GCC_WARN_UNINITIALIZED_AUTOS = YES_AGGRESSIVE;
				GCC_WARN_UNUSED_FUNCTION = YES;
				GCC_WARN_UNUSED_VARIABLE = YES;
				IPHONEOS_DEPLOYMENT_TARGET = 9.3;
				MTL_ENABLE_DEBUG_INFO = YES;
				ONLY_ACTIVE_ARCH = YES;
				SDKROOT = iphoneos;
				SWIFT_OPTIMIZATION_LEVEL = "-Onone";
			};
			name = Debug;
		};
		6B427A191D45D324008EFD70 /* Release */ = {
			isa = XCBuildConfiguration;
			buildSettings = {
				ALWAYS_SEARCH_USER_PATHS = NO;
				CLANG_ANALYZER_NONNULL = YES;
				CLANG_CXX_LANGUAGE_STANDARD = "gnu++0x";
				CLANG_CXX_LIBRARY = "libc++";
				CLANG_ENABLE_MODULES = YES;
				CLANG_ENABLE_OBJC_ARC = YES;
				CLANG_WARN_BOOL_CONVERSION = YES;
				CLANG_WARN_CONSTANT_CONVERSION = YES;
				CLANG_WARN_DIRECT_OBJC_ISA_USAGE = YES_ERROR;
				CLANG_WARN_EMPTY_BODY = YES;
				CLANG_WARN_ENUM_CONVERSION = YES;
				CLANG_WARN_INT_CONVERSION = YES;
				CLANG_WARN_OBJC_ROOT_CLASS = YES_ERROR;
				CLANG_WARN_UNREACHABLE_CODE = YES;
				CLANG_WARN__DUPLICATE_METHOD_MATCH = YES;
				"CODE_SIGN_IDENTITY[sdk=iphoneos*]" = "iPhone Developer";
				COPY_PHASE_STRIP = NO;
				DEBUG_INFORMATION_FORMAT = "dwarf-with-dsym";
				ENABLE_NS_ASSERTIONS = NO;
				ENABLE_STRICT_OBJC_MSGSEND = YES;
				GCC_C_LANGUAGE_STANDARD = gnu99;
				GCC_NO_COMMON_BLOCKS = YES;
				GCC_WARN_64_TO_32_BIT_CONVERSION = YES;
				GCC_WARN_ABOUT_RETURN_TYPE = YES_ERROR;
				GCC_WARN_UNDECLARED_SELECTOR = YES;
				GCC_WARN_UNINITIALIZED_AUTOS = YES_AGGRESSIVE;
				GCC_WARN_UNUSED_FUNCTION = YES;
				GCC_WARN_UNUSED_VARIABLE = YES;
				IPHONEOS_DEPLOYMENT_TARGET = 9.3;
				MTL_ENABLE_DEBUG_INFO = NO;
				SDKROOT = iphoneos;
				VALIDATE_PRODUCT = YES;
			};
			name = Release;
		};
		6B427A1B1D45D324008EFD70 /* Debug */ = {
			isa = XCBuildConfiguration;
			buildSettings = {
				ASSETCATALOG_COMPILER_APPICON_NAME = AppIcon;
				INFOPLIST_FILE = TinderFake/Info.plist;
				LD_RUNPATH_SEARCH_PATHS = "$(inherited) @executable_path/Frameworks";
				PRODUCT_BUNDLE_IDENTIFIER = huy.dang.quoc.TinderFake;
				PRODUCT_NAME = "$(TARGET_NAME)";
			};
			name = Debug;
		};
		6B427A1C1D45D324008EFD70 /* Release */ = {
			isa = XCBuildConfiguration;
			buildSettings = {
				ASSETCATALOG_COMPILER_APPICON_NAME = AppIcon;
				INFOPLIST_FILE = TinderFake/Info.plist;
				LD_RUNPATH_SEARCH_PATHS = "$(inherited) @executable_path/Frameworks";
				PRODUCT_BUNDLE_IDENTIFIER = huy.dang.quoc.TinderFake;
				PRODUCT_NAME = "$(TARGET_NAME)";
			};
			name = Release;
		};
/* End XCBuildConfiguration section */

/* Begin XCConfigurationList section */
		6B427A031D45D324008EFD70 /* Build configuration list for PBXProject "TinderFake" */ = {
			isa = XCConfigurationList;
			buildConfigurations = (
				6B427A181D45D324008EFD70 /* Debug */,
				6B427A191D45D324008EFD70 /* Release */,
			);
			defaultConfigurationIsVisible = 0;
			defaultConfigurationName = Release;
		};
		6B427A1A1D45D324008EFD70 /* Build configuration list for PBXNativeTarget "TinderFake" */ = {
			isa = XCConfigurationList;
			buildConfigurations = (
				6B427A1B1D45D324008EFD70 /* Debug */,
				6B427A1C1D45D324008EFD70 /* Release */,
			);
			defaultConfigurationIsVisible = 0;
			defaultConfigurationName = Release;
		};
/* End XCConfigurationList section */
	};
	rootObject = 6B427A001D45D324008EFD70 /* Project object */;
}
